{
  "nodes": {
    "nixpkgs": {
      "locked": {
        "lastModified": 1767742372,
        "narHash": "sha256-3zSML8xJhOT2kRBCNUpniZSCeCBCPA3KGsRYh+KdtbU=",
        "type": "tarball",
        "url": "https://mirrors.tuna.tsinghua.edu.cn/nix-channels/nixos-25.05/nixexprs.tar.xz"
      },
      "original": {
        "type": "tarball",
        "url": "https://mirrors.tuna.tsinghua.edu.cn/nix-channels/nixos-25.05/nixexprs.tar.xz"
      }
    },
    "nixpkgs-unstable": {
      "locked": {
        "lastModified": 1779721163,
        "narHash": "sha256-NpH8iEQ5JHv/BtUuzTEXUMDxPLetCDzIv4OxL8H7Kps=",
        "type": "tarball",
        "url": "https://mirrors.tuna.tsinghua.edu.cn/nix-channels/nixos-unstable/nixexprs.tar.xz"
      },
      "original": {
        "type": "tarball",
        "url": "https://mirrors.tuna.tsinghua.edu.cn/nix-channels/nixos-unstable/nixexprs.tar.xz"
      }
    },
    "root": {
      "inputs": {
        "nixpkgs": "nixpkgs",
        "nixpkgs-unstable": "nixpkgs-unstable"
      }
    }
  },
  "root": "root",
  "version": 7
}
